
Microsoft Visual Studio Solution File, Format Version 12.00
# Visual Studio 15
VisualStudioVersion = 15.0.26228.12
MinimumVisualStudioVersion = 10.0.40219.1
Project("{FAE04EC0-301F-11D3-BF4B-00C04F79EFBC}") = "MusicNet", "MusicNet\MusicNet.csproj", "{C410DE7F-1554-48D9-94CD-A426A041D5FD}"
EndProject
Project("{FAE04EC0-301F-11D3-BF4B-00C04F79EFBC}") = "MusicNet.DataAccess", "MusicNet.DataAccess\MusicNet.DataAccess.csproj", "{1FF48428-5651-4609-A4ED-EEC32307C28F}"
EndProject
Project("{FAE04EC0-301F-11D3-BF4B-00C04F79EFBC}") = "MusicNet.Services", "MusicNet.Services\MusicNet.Services.csproj", "{C4FF0347-F1B5-4FD5-A9B5-D5DA7B432CE4}"
EndProject
Project("{FAE04EC0-301F-11D3-BF4B-00C04F79EFBC}") = "MusicNet.Infrastructure", "MusicNet.Infrastructure\MusicNet.Infrastructure.csproj", "{CA0EA421-D84A-4767-A737-7B50CF5E0749}"
EndProject
Project("{FAE04EC0-301F-11D3-BF4B-00C04F79EFBC}") = "MusicNet.Common", "MusicNet.Common\MusicNet.Common.csproj", "{E22E4B4C-E095-47D1-AC73-1BC226373612}"
EndProject
Global
	GlobalSection(SolutionConfigurationPlatforms) = preSolution
		Debug|Any CPU = Debug|Any CPU
		Release|Any CPU = Release|Any CPU
	EndGlobalSection
	GlobalSection(ProjectConfigurationPlatforms) = postSolution
		{C410DE7F-1554-48D9-94CD-A426A041D5FD}.Debug|Any CPU.ActiveCfg = Debug|Any CPU
		{C410DE7F-1554-48D9-94CD-A426A041D5FD}.Debug|Any CPU.Build.0 = Debug|Any CPU
		{C410DE7F-1554-48D9-94CD-A426A041D5FD}.Release|Any CPU.ActiveCfg = Release|Any CPU
		{C410DE7F-1554-48D9-94CD-A426A041D5FD}.Release|Any CPU.Build.0 = Release|Any CPU
		{1FF48428-5651-4609-A4ED-EEC32307C28F}.Debug|Any CPU.ActiveCfg = Debug|Any CPU
		{1FF48428-5651-4609-A4ED-EEC32307C28F}.Debug|Any CPU.Build.0 = Debug|Any CPU
		{1FF48428-5651-4609-A4ED-EEC32307C28F}.Release|Any CPU.ActiveCfg = Release|Any CPU
		{1FF48428-5651-4609-A4ED-EEC32307C28F}.Release|Any CPU.Build.0 = Release|Any CPU
		{C4FF0347-F1B5-4FD5-A9B5-D5DA7B432CE4}.Debug|Any CPU.ActiveCfg = Debug|Any CPU
		{C4FF0347-F1B5-4FD5-A9B5-D5DA7B432CE4}.Debug|Any CPU.Build.0 = Debug|Any CPU
		{C4FF0347-F1B5-4FD5-A9B5-D5DA7B432CE4}.Release|Any CPU.ActiveCfg = Release|Any CPU
		{C4FF0347-F1B5-4FD5-A9B5-D5DA7B432CE4}.Release|Any CPU.Build.0 = Release|Any CPU
		{CA0EA421-D84A-4767-A737-7B50CF5E0749}.Debug|Any CPU.ActiveCfg = Debug|Any CPU
		{CA0EA421-D84A-4767-A737-7B50CF5E0749}.Debug|Any CPU.Build.0 = Debug|Any CPU
		{CA0EA421-D84A-4767-A737-7B50CF5E0749}.Release|Any CPU.ActiveCfg = Release|Any CPU
		{CA0EA421-D84A-4767-A737-7B50CF5E0749}.Release|Any CPU.Build.0 = Release|Any CPU
		{E22E4B4C-E095-47D1-AC73-1BC226373612}.Debug|Any CPU.ActiveCfg = Debug|Any CPU
		{E22E4B4C-E095-47D1-AC73-1BC226373612}.Debug|Any CPU.Build.0 = Debug|Any CPU
		{E22E4B4C-E095-47D1-AC73-1BC226373612}.Release|Any CPU.ActiveCfg = Release|Any CPU
		{E22E4B4C-E095-47D1-AC73-1BC226373612}.Release|Any CPU.Build.0 = Release|Any CPU
	EndGlobalSection
	GlobalSection(SolutionProperties) = preSolution
		HideSolutionNode = FALSE
	EndGlobalSection
EndGlobal
